
Microsoft Visual Studio Solution File, Format Version 11.00
# Visual Studio 2010
Project("{FAE04EC0-301F-11D3-BF4B-00C04F79EFBC}") = "FlightsNorway.Phone", "FlightsNorway.Phone\FlightsNorway.Phone.csproj", "{0A2B82EF-56FB-43CD-A82D-E8C50C9EFC4A}"
EndProject
Project("{FAE04EC0-301F-11D3-BF4B-00C04F79EFBC}") = "FlightsNorway.Phone.Tests", "FlightsNorway.Phone.Tests\FlightsNorway.Phone.Tests.csproj", "{1661D488-A33F-4372-99CC-AEE07C72EC20}"
EndProject
Project("{FAE04EC0-301F-11D3-BF4B-00C04F79EFBC}") = "FlightsNorway.Phone.UnitTests", "FlightsNorway.Phone.UnitTests\FlightsNorway.Phone.UnitTests.csproj", "{18D72577-88BF-4699-834E-C91DACC99E69}"
EndProject
Project("{FAE04EC0-301F-11D3-BF4B-00C04F79EFBC}") = "SmartyPantsPivotLibrary", "SmartyPantsPivotLibrary\SmartyPantsPivotLibrary.csproj", "{4588418F-8873-4C98-931D-2C04133C0531}"
EndProject
Global
	GlobalSection(SolutionConfigurationPlatforms) = preSolution
		Debug|Any CPU = Debug|Any CPU
		Release|Any CPU = Release|Any CPU
	EndGlobalSection
	GlobalSection(ProjectConfigurationPlatforms) = postSolution
		{0A2B82EF-56FB-43CD-A82D-E8C50C9EFC4A}.Debug|Any CPU.ActiveCfg = Debug|Any CPU
		{0A2B82EF-56FB-43CD-A82D-E8C50C9EFC4A}.Debug|Any CPU.Build.0 = Debug|Any CPU
		{0A2B82EF-56FB-43CD-A82D-E8C50C9EFC4A}.Debug|Any CPU.Deploy.0 = Debug|Any CPU
		{0A2B82EF-56FB-43CD-A82D-E8C50C9EFC4A}.Release|Any CPU.ActiveCfg = Release|Any CPU
		{0A2B82EF-56FB-43CD-A82D-E8C50C9EFC4A}.Release|Any CPU.Build.0 = Release|Any CPU
		{0A2B82EF-56FB-43CD-A82D-E8C50C9EFC4A}.Release|Any CPU.Deploy.0 = Release|Any CPU
		{1661D488-A33F-4372-99CC-AEE07C72EC20}.Debug|Any CPU.ActiveCfg = Debug|Any CPU
		{1661D488-A33F-4372-99CC-AEE07C72EC20}.Debug|Any CPU.Build.0 = Debug|Any CPU
		{1661D488-A33F-4372-99CC-AEE07C72EC20}.Debug|Any CPU.Deploy.0 = Debug|Any CPU
		{1661D488-A33F-4372-99CC-AEE07C72EC20}.Release|Any CPU.ActiveCfg = Release|Any CPU
		{1661D488-A33F-4372-99CC-AEE07C72EC20}.Release|Any CPU.Build.0 = Release|Any CPU
		{1661D488-A33F-4372-99CC-AEE07C72EC20}.Release|Any CPU.Deploy.0 = Release|Any CPU
		{18D72577-88BF-4699-834E-C91DACC99E69}.Debug|Any CPU.ActiveCfg = Debug|Any CPU
		{18D72577-88BF-4699-834E-C91DACC99E69}.Debug|Any CPU.Build.0 = Debug|Any CPU
		{18D72577-88BF-4699-834E-C91DACC99E69}.Release|Any CPU.ActiveCfg = Release|Any CPU
		{18D72577-88BF-4699-834E-C91DACC99E69}.Release|Any CPU.Build.0 = Release|Any CPU
		{4588418F-8873-4C98-931D-2C04133C0531}.Debug|Any CPU.ActiveCfg = Debug|Any CPU
		{4588418F-8873-4C98-931D-2C04133C0531}.Debug|Any CPU.Build.0 = Debug|Any CPU
		{4588418F-8873-4C98-931D-2C04133C0531}.Release|Any CPU.ActiveCfg = Release|Any CPU
		{4588418F-8873-4C98-931D-2C04133C0531}.Release|Any CPU.Build.0 = Release|Any CPU
	EndGlobalSection
	GlobalSection(SolutionProperties) = preSolution
		HideSolutionNode = FALSE
	EndGlobalSection
EndGlobal
