
Microsoft Visual Studio Solution File, Format Version 10.00
# Visual Studio 2008
Project("{FAE04EC0-301F-11D3-BF4B-00C04F79EFBC}") = "FlightsNorway", "FlightsNorway\FlightsNorway.csproj", "{98C2CB5B-2948-429A-8052-0DE535DD4318}"
EndProject
Global
	GlobalSection(SolutionConfigurationPlatforms) = preSolution
		Debug|iPhoneSimulator = Debug|iPhoneSimulator
		Release|iPhoneSimulator = Release|iPhoneSimulator
		Debug|iPhone = Debug|iPhone
		Release|iPhone = Release|iPhone
	EndGlobalSection
	GlobalSection(ProjectConfigurationPlatforms) = postSolution
		{98C2CB5B-2948-429A-8052-0DE535DD4318}.Debug|iPhone.ActiveCfg = Debug|iPhone
		{98C2CB5B-2948-429A-8052-0DE535DD4318}.Debug|iPhone.Build.0 = Debug|iPhone
		{98C2CB5B-2948-429A-8052-0DE535DD4318}.Debug|iPhoneSimulator.ActiveCfg = Debug|iPhoneSimulator
		{98C2CB5B-2948-429A-8052-0DE535DD4318}.Debug|iPhoneSimulator.Build.0 = Debug|iPhoneSimulator
		{98C2CB5B-2948-429A-8052-0DE535DD4318}.Release|iPhone.ActiveCfg = Release|iPhone
		{98C2CB5B-2948-429A-8052-0DE535DD4318}.Release|iPhone.Build.0 = Release|iPhone
		{98C2CB5B-2948-429A-8052-0DE535DD4318}.Release|iPhoneSimulator.ActiveCfg = Release|iPhoneSimulator
		{98C2CB5B-2948-429A-8052-0DE535DD4318}.Release|iPhoneSimulator.Build.0 = Release|iPhoneSimulator
	EndGlobalSection
	GlobalSection(MonoDevelopProperties) = preSolution
		StartupItem = FlightsNorway\FlightsNorway.csproj
	EndGlobalSection
EndGlobal
